
Microsoft Visual Studio Solution File, Format Version 12.00
# Visual Studio Version 17
VisualStudioVersion = 17.9.34607.119
MinimumVisualStudioVersion = 10.0.40219.1
Project("{8BC9CEB8-8B4A-11D0-8D11-00A0C91BC942}") = "HyperCE", "vc\HyperCE.vcxproj", "{5A0EE422-8EFA-409D-B192-AD7EEF95712A}"
EndProject
Global
	GlobalSection(SolutionConfigurationPlatforms) = preSolution
		Dbg|x64 = Dbg|x64
		Debug|x64 = Debug|x64
		Release|x64 = Release|x64
		RelWithFlag|x64 = RelWithFlag|x64
	EndGlobalSection
	GlobalSection(ProjectConfigurationPlatforms) = postSolution
		{5A0EE422-8EFA-409D-B192-AD7EEF95712A}.Dbg|x64.ActiveCfg = Dbg|x64
		{5A0EE422-8EFA-409D-B192-AD7EEF95712A}.Dbg|x64.Build.0 = Dbg|x64
		{5A0EE422-8EFA-409D-B192-AD7EEF95712A}.Debug|x64.ActiveCfg = Debug|x64
		{5A0EE422-8EFA-409D-B192-AD7EEF95712A}.Debug|x64.Build.0 = Debug|x64
		{5A0EE422-8EFA-409D-B192-AD7EEF95712A}.Debug|x64.Deploy.0 = Debug|x64
		{5A0EE422-8EFA-409D-B192-AD7EEF95712A}.Release|x64.ActiveCfg = Release|x64
		{5A0EE422-8EFA-409D-B192-AD7EEF95712A}.Release|x64.Build.0 = Release|x64
		{5A0EE422-8EFA-409D-B192-AD7EEF95712A}.RelWithFlag|x64.ActiveCfg = RelWithFlag|x64
		{5A0EE422-8EFA-409D-B192-AD7EEF95712A}.RelWithFlag|x64.Build.0 = RelWithFlag|x64
		{5A0EE422-8EFA-409D-B192-AD7EEF95712A}.RelWithFlag|x64.Deploy.0 = RelWithFlag|x64
	EndGlobalSection
	GlobalSection(SolutionProperties) = preSolution
		HideSolutionNode = FALSE
	EndGlobalSection
	GlobalSection(ExtensibilityGlobals) = postSolution
		SolutionGuid = {97CA2659-5200-4CAE-AA8E-09D53081F8E9}
	EndGlobalSection
EndGlobal
