<?xml version="1.0" encoding="utf-8"?>
<Project ToolsVersion="4.0" xmlns="http://schemas.microsoft.com/developer/msbuild/2003">
  <ItemGroup>
    <ClCompile Include="..\src\drv.cc">
      <Filter>src</Filter>
    </ClCompile>
    <ClCompile Include="..\src\main.cc">
      <Filter>src</Filter>
    </ClCompile>
    <ClCompile Include="..\src\test\test.cc">
      <Filter>test</Filter>
    </ClCompile>
    <ClCompile Include="..\src\test\is_vm_exist.cc">
      <Filter>test</Filter>
    </ClCompile>
    <ClCompile Include="..\src\ui\ui.cc">
      <Filter>ui</Filter>
    </ClCompile>
    <ClCompile Include="..\src\ui\vw_mem.cc">
      <Filter>ui</Filter>
    </ClCompile>
    <ClCompile Include="..\src\vmph\vm.cc">
      <Filter>src\core</Filter>
    </ClCompile>
  </ItemGroup>
  <ItemGroup>
    <Filter Include="src">
      <UniqueIdentifier>{6a1b1562-df32-42bb-b0e3-9998daa86e98}</UniqueIdentifier>
    </Filter>
    <Filter Include="rc">
      <UniqueIdentifier>{868420a0-7b36-417b-9d32-0c9f64561e33}</UniqueIdentifier>
    </Filter>
    <Filter Include="ui">
      <UniqueIdentifier>{b49dda07-7f11-4d5e-9f64-ac2cc1992f8e}</UniqueIdentifier>
    </Filter>
    <Filter Include="test">
      <UniqueIdentifier>{dd702dbc-17ca-4de9-a564-cb94ac8a673a}</UniqueIdentifier>
    </Filter>
    <Filter Include="src\core">
      <UniqueIdentifier>{393a8f8b-2d39-4bfa-8aaa-ea4190492e17}</UniqueIdentifier>
    </Filter>
  </ItemGroup>
  <ItemGroup>
    <ClInclude Include="resource.h">
      <Filter>rc</Filter>
    </ClInclude>
  </ItemGroup>
  <ItemGroup>
    <ResourceCompile Include="HyperCE.rc">
      <Filter>rc</Filter>
    </ResourceCompile>
  </ItemGroup>
  <ItemGroup>
    <MASM Include="..\src\test\vmdetect.asm">
      <Filter>test</Filter>
    </MASM>
  </ItemGroup>
</Project>